
Microsoft Visual Studio Solution File, Format Version 12.00
# Visual Studio 2013
VisualStudioVersion = 12.0.31101.0
MinimumVisualStudioVersion = 10.0.40219.1
Project("{FAE04EC0-301F-11D3-BF4B-00C04F79EFBC}") = "TemplateMethodDemo", "TemplateMethodDemo\TemplateMethodDemo.csproj", "{316647D2-01F4-431B-95B3-3431769F52D1}"
EndProject
Project("{FAE04EC0-301F-11D3-BF4B-00C04F79EFBC}") = "TemplateAccounts", "TemplateAccounts\TemplateAccounts.csproj", "{F922B2BB-3628-48B6-A3F0-74B7EFA76859}"
EndProject
Global
	GlobalSection(SolutionConfigurationPlatforms) = preSolution
		Debug|Any CPU = Debug|Any CPU
		Release|Any CPU = Release|Any CPU
	EndGlobalSection
	GlobalSection(ProjectConfigurationPlatforms) = postSolution
		{316647D2-01F4-431B-95B3-3431769F52D1}.Debug|Any CPU.ActiveCfg = Debug|Any CPU
		{316647D2-01F4-431B-95B3-3431769F52D1}.Debug|Any CPU.Build.0 = Debug|Any CPU
		{316647D2-01F4-431B-95B3-3431769F52D1}.Release|Any CPU.ActiveCfg = Release|Any CPU
		{316647D2-01F4-431B-95B3-3431769F52D1}.Release|Any CPU.Build.0 = Release|Any CPU
		{F922B2BB-3628-48B6-A3F0-74B7EFA76859}.Debug|Any CPU.ActiveCfg = Debug|Any CPU
		{F922B2BB-3628-48B6-A3F0-74B7EFA76859}.Debug|Any CPU.Build.0 = Debug|Any CPU
		{F922B2BB-3628-48B6-A3F0-74B7EFA76859}.Release|Any CPU.ActiveCfg = Release|Any CPU
		{F922B2BB-3628-48B6-A3F0-74B7EFA76859}.Release|Any CPU.Build.0 = Release|Any CPU
	EndGlobalSection
	GlobalSection(SolutionProperties) = preSolution
		HideSolutionNode = FALSE
	EndGlobalSection
EndGlobal
